PODS:
  - GCNotificationView (0.2.0)

DEPENDENCIES:
  - GCNotificationView (from `../`)

EXTERNAL SOURCES:
  GCNotificationView:
    :path: ../

SPEC CHECKSUMS:
  GCNotificationView: 2ff0a5486c3e277f738a1e18ff03ebf0d2bde153

PODFILE CHECKSUM: ec79cc3fda4e0e3f581685071b7e958a8578f776

COCOAPODS: 1.2.1
